{
    "_readme": [
        "This file locks the dependencies of your project to a known state",
        "Read more about it at https://getcomposer.org/doc/01-basic-usage.md#composer-lock-the-lock-file",
        "This file is @generated automatically"
    ],
    "content-hash": "310b9ae0024df2b3a09ef5d81aa5b63e",
    "packages": [
        {
            "name": "inc2734/wp-breadcrumbs",
            "version": "3.0.1",
            "source": {
                "type": "git",
                "url": "https://github.com/inc2734/wp-breadcrumbs.git",
                "reference": "2fa26c8a1900604a65d136767e1e793a7079e962"
            },
            "dist": {
                "type": "zip",
                "url": "https://api.github.com/repos/inc2734/wp-breadcrumbs/zipball/2fa26c8a1900604a65d136767e1e793a7079e962",
                "reference": "2fa26c8a1900604a65d136767e1e793a7079e962",
                "shasum": ""
            },
            "require": {
                "php": ">=5.6"
            },
            "require-dev": {
                "dealerdirect/phpcodesniffer-composer-installer": "^0.4.3",
                "phpcompatibility/phpcompatibility-wp": "*",
                "phpmd/phpmd": "2.*",
                "phpunit/phpunit": "7.*",
                "squizlabs/php_codesniffer": "*",
                "wp-coding-standards/wpcs": "*"
            },
            "type": "library",
            "autoload": {
                "psr-4": {
                    "Inc2734\\WP_Breadcrumbs\\": "src"
                }
            },
            "notification-url": "https://packagist.org/downloads/",
            "license": [
                "GPL-2.0-or-later"
            ],
            "authors": [
                {
                    "name": "Takashi Kitajima",
                    "email": "inc@2inc.org"
                }
            ],
            "description": "A library for WordPress breadcrumbs.",
            "time": "2019-07-08T07:46:41+00:00"
        }
    ],
    "packages-dev": [],
    "aliases": [],
    "minimum-stability": "stable",
    "stability-flags": [],
    "prefer-stable": false,
    "prefer-lowest": false,
    "platform": [],
    "platform-dev": []
}
